
Microsoft Visual Studio Solution File, Format Version 12.00
# Visual Studio Version 16
VisualStudioVersion = 16.0.34031.81
MinimumVisualStudioVersion = 10.0.40219.1
Project("{2150E333-8FDC-42A3-9474-1A3956D46DE8}") = "Task0", "Task0", "{5A5801A9-8328-4742-84AD-318771E1E8EA}"
EndProject
Project("{FAE04EC0-301F-11D3-BF4B-00C04F79EFBC}") = "Tyuiu.SamarAA.Sprint0.Task0.V0", "Tyuiu.SamarAA.Sprint0.Task0.V0\Tyuiu.SamarAA.Sprint0.Task0.V0.csproj", "{F01BEA5A-3656-43BB-A0DF-E9419591B0F4}"
EndProject
Global
	GlobalSection(SolutionConfigurationPlatforms) = preSolution
		Debug|Any CPU = Debug|Any CPU
		Release|Any CPU = Release|Any CPU
	EndGlobalSection
	GlobalSection(ProjectConfigurationPlatforms) = postSolution
		{F01BEA5A-3656-43BB-A0DF-E9419591B0F4}.Debug|Any CPU.ActiveCfg = Debug|Any CPU
		{F01BEA5A-3656-43BB-A0DF-E9419591B0F4}.Debug|Any CPU.Build.0 = Debug|Any CPU
		{F01BEA5A-3656-43BB-A0DF-E9419591B0F4}.Release|Any CPU.ActiveCfg = Release|Any CPU
		{F01BEA5A-3656-43BB-A0DF-E9419591B0F4}.Release|Any CPU.Build.0 = Release|Any CPU
	EndGlobalSection
	GlobalSection(SolutionProperties) = preSolution
		HideSolutionNode = FALSE
	EndGlobalSection
	GlobalSection(NestedProjects) = preSolution
		{F01BEA5A-3656-43BB-A0DF-E9419591B0F4} = {5A5801A9-8328-4742-84AD-318771E1E8EA}
	EndGlobalSection
	GlobalSection(ExtensibilityGlobals) = postSolution
		SolutionGuid = {3C8B4D0A-B225-46D0-ABBC-F34599CB1F9F}
	EndGlobalSection
EndGlobal
