
Microsoft Visual Studio Solution File, Format Version 12.00
# Visual Studio Version 16
VisualStudioVersion = 16.0.34031.81
MinimumVisualStudioVersion = 10.0.40219.1
Project("{2150E333-8FDC-42A3-9474-1A3956D46DE8}") = "Task0", "Task0", "{5A5801A9-8328-4742-84AD-318771E1E8EA}"
EndProject
Project("{FAE04EC0-301F-11D3-BF4B-00C04F79EFBC}") = "Tyuiu.SamarAA.Sprint0.Task0.V0", "Tyuiu.SamarAA.Sprint0.Task0.V0\Tyuiu.SamarAA.Sprint0.Task0.V0.csproj", "{F01BEA5A-3656-43BB-A0DF-E9419591B0F4}"
EndProject
Project("{2150E333-8FDC-42A3-9474-1A3956D46DE8}") = "Task1", "Task1", "{2989F1EB-3D18-4D03-91FB-8A9856A725D7}"
EndProject
Project("{FAE04EC0-301F-11D3-BF4B-00C04F79EFBC}") = "Tyuiu.SamarAA.Sprint0.Task1.V0", "Tyuiu.SamarAA.Sprint0.Task1.V0\Tyuiu.SamarAA.Sprint0.Task1.V0.csproj", "{7B021DF2-01BD-4508-9ABD-FF2614D1BC0C}"
EndProject
Project("{2150E333-8FDC-42A3-9474-1A3956D46DE8}") = "NewFolder1", "NewFolder1", "{E68D0800-1F79-4ABE-AA77-894036BF9A3D}"
EndProject
Project("{FAE04EC0-301F-11D3-BF4B-00C04F79EFBC}") = "Tyuiu.SamarAA.Sprint0.Task2.V0", "Tyuiu.SamarAA.Sprint0.Task2.V0\Tyuiu.SamarAA.Sprint0.Task2.V0.csproj", "{34313043-5C2C-4082-BEBE-3845CC0AC77C}"
EndProject
Project("{FAE04EC0-301F-11D3-BF4B-00C04F79EFBC}") = "Tyuiu.SamarAA.Sprint0.Task2.V0.Lib", "Tyuiu.SamarAA.Sprint0.Task2.V0.Lib\Tyuiu.SamarAA.Sprint0.Task2.V0.Lib.csproj", "{59BA3E03-1DA6-4953-A7D2-7F81DAE3C6EA}"
EndProject
Project("{FAE04EC0-301F-11D3-BF4B-00C04F79EFBC}") = "Tyuiu.SamarAA.Sprint0.Task2.V0.Test", "Tyuiu.SamarAA.Sprint0.Task2.V0.Test\Tyuiu.SamarAA.Sprint0.Task2.V0.Test.csproj", "{9901541F-8EFD-44D7-A63F-280557B6AD76}"
EndProject
Project("{2150E333-8FDC-42A3-9474-1A3956D46DE8}") = "NewFolder2", "NewFolder2", "{DF299D73-C642-4D4A-BE8A-62B3F9F9E794}"
EndProject
Project("{FAE04EC0-301F-11D3-BF4B-00C04F79EFBC}") = "Tyuiu.SamarAA.Sprint0.Task3.V0", "Tyuiu.SamarAA.Sprint0.Task3.V0\Tyuiu.SamarAA.Sprint0.Task3.V0.csproj", "{CD09D1F4-1FED-4715-963D-5B306BCBEE2F}"
EndProject
Project("{FAE04EC0-301F-11D3-BF4B-00C04F79EFBC}") = "Tyuiu.SamarAA.Sprint0.Task3.V0.Lib", "Tyuiu.SamarAA.Sprint0.Task3.V0.Lib\Tyuiu.SamarAA.Sprint0.Task3.V0.Lib.csproj", "{DC6117E0-4220-4635-9B6D-3E354691AEE5}"
EndProject
Project("{FAE04EC0-301F-11D3-BF4B-00C04F79EFBC}") = "Tyuiu.SamarAA.Sprint0.Task3.V0.Test", "Tyuiu.SamarAA.Sprint0.Task3.V0.Test\Tyuiu.SamarAA.Sprint0.Task3.V0.Test.csproj", "{BF274E1F-D815-412C-8073-3BC4D3B47B12}"
EndProject
Project("{2150E333-8FDC-42A3-9474-1A3956D46DE8}") = "NewFolder3", "NewFolder3", "{44C05D83-E6B7-4E16-8527-AEFBC8C9B08F}"
EndProject
Project("{FAE04EC0-301F-11D3-BF4B-00C04F79EFBC}") = "Tyuiu.SamarAA.Sprint0.Task4.V0", "Tyuiu.SamarAA.Sprint0.Task4.V0\Tyuiu.SamarAA.Sprint0.Task4.V0.csproj", "{89B4FF43-05D5-4F52-995E-C4DD62B8CB26}"
EndProject
Project("{FAE04EC0-301F-11D3-BF4B-00C04F79EFBC}") = "Tyuiu.SamarAA.Sprint0.Task4.V0.Lib", "Tyuiu.SamarAA.Sprint0.Task4.V0.Lib\Tyuiu.SamarAA.Sprint0.Task4.V0.Lib.csproj", "{D2590FBE-8869-43D9-BA32-041C097E17B1}"
EndProject
Project("{FAE04EC0-301F-11D3-BF4B-00C04F79EFBC}") = "Tyuiu.SamarAA.Sprint0.Task4.V0.Test", "Tyuiu.SamarAA.Sprint0.Task4.V0.Test\Tyuiu.SamarAA.Sprint0.Task4.V0.Test.csproj", "{714F2B77-FE27-48FA-8BB0-02C469B4AA31}"
EndProject
Project("{2150E333-8FDC-42A3-9474-1A3956D46DE8}") = "NewFolder4", "NewFolder4", "{2752C7FD-B57F-4594-9F81-90049CD78E12}"
EndProject
Project("{FAE04EC0-301F-11D3-BF4B-00C04F79EFBC}") = "Tyuiu.SamarAA.Sprint0.Task5.V0", "Tyuiu.SamarAA.Sprint0.Task5.V0\Tyuiu.SamarAA.Sprint0.Task5.V0.csproj", "{A6EE71A7-0A01-4005-BBB8-3FD2F28766DE}"
EndProject
Project("{FAE04EC0-301F-11D3-BF4B-00C04F79EFBC}") = "Tyuiu.SamarAA.Sprint0.Task5.V0.Lib", "Tyuiu.SamarAA.Sprint0.Task5.V0.Lib\Tyuiu.SamarAA.Sprint0.Task5.V0.Lib.csproj", "{6BB75EF1-01FF-4BA1-AAD0-E476609F75A9}"
EndProject
Project("{FAE04EC0-301F-11D3-BF4B-00C04F79EFBC}") = "Tyuiu.SamarAA.Sprint0.Task5.V0.Test", "Tyuiu.SamarAA.Sprint0.Task5.V0.Test\Tyuiu.SamarAA.Sprint0.Task5.V0.Test.csproj", "{25A98813-6D97-4DA7-BFC0-099F05D80111}"
EndProject
Project("{2150E333-8FDC-42A3-9474-1A3956D46DE8}") = "NewFolder5", "NewFolder5", "{CA74177A-2259-44EA-A968-A9AF037758D5}"
EndProject
Project("{FAE04EC0-301F-11D3-BF4B-00C04F79EFBC}") = "Tyuiu.SamarAA.Sprint0.Task6.V0", "Tyuiu.SamarAA.Sprint0.Task6.V0\Tyuiu.SamarAA.Sprint0.Task6.V0.csproj", "{ED830D4C-011B-4930-8B29-CC93D47C54BD}"
EndProject
Project("{FAE04EC0-301F-11D3-BF4B-00C04F79EFBC}") = "Tyuiu.SamarAA.Sprint0.Task6.V0.Lib", "Tyuiu.SamarAA.Sprint0.Task6.V0.Lib\Tyuiu.SamarAA.Sprint0.Task6.V0.Lib.csproj", "{3005D587-AD68-442A-BFB8-BCFF0AF62608}"
EndProject
Project("{FAE04EC0-301F-11D3-BF4B-00C04F79EFBC}") = "Tyuiu.SamarAA.Sprint0.Task6.V0.Test", "Tyuiu.SamarAA.Sprint0.Task6.V0.Test\Tyuiu.SamarAA.Sprint0.Task6.V0.Test.csproj", "{7CB2558E-BFBB-4557-B5DD-2C342132B859}"
EndProject
Project("{2150E333-8FDC-42A3-9474-1A3956D46DE8}") = "NewFolder6", "NewFolder6", "{485E2353-5A0B-4625-967D-9F82ED92703D}"
EndProject
Project("{FAE04EC0-301F-11D3-BF4B-00C04F79EFBC}") = "Tyuiu.SamarAA.Sprint0.Task7.V0", "Tyuiu.SamarAA.Sprint0.Task7.V0\Tyuiu.SamarAA.Sprint0.Task7.V0.csproj", "{9774415E-2497-4A92-9998-9DFC9E4C1B92}"
EndProject
Project("{FAE04EC0-301F-11D3-BF4B-00C04F79EFBC}") = "Tyuiu.SamarAA.Sprint0.Task7.V0.Lib", "Tyuiu.SamarAA.Sprint0.Task7.V0.Lib\Tyuiu.SamarAA.Sprint0.Task7.V0.Lib.csproj", "{59003230-10B6-4CD5-A362-418BFDBC84A2}"
EndProject
Project("{FAE04EC0-301F-11D3-BF4B-00C04F79EFBC}") = "Tyuiu.SamarAA.Sprint0.Task7.V0.Test", "Tyuiu.SamarAA.Sprint0.Task7.V0.Test\Tyuiu.SamarAA.Sprint0.Task7.V0.Test.csproj", "{A79F3FA2-3B7B-4D2E-8C45-6BA810E906B5}"
EndProject
Global
	GlobalSection(SolutionConfigurationPlatforms) = preSolution
		Debug|Any CPU = Debug|Any CPU
		Release|Any CPU = Release|Any CPU
	EndGlobalSection
	GlobalSection(ProjectConfigurationPlatforms) = postSolution
		{F01BEA5A-3656-43BB-A0DF-E9419591B0F4}.Debug|Any CPU.ActiveCfg = Debug|Any CPU
		{F01BEA5A-3656-43BB-A0DF-E9419591B0F4}.Debug|Any CPU.Build.0 = Debug|Any CPU
		{F01BEA5A-3656-43BB-A0DF-E9419591B0F4}.Release|Any CPU.ActiveCfg = Release|Any CPU
		{F01BEA5A-3656-43BB-A0DF-E9419591B0F4}.Release|Any CPU.Build.0 = Release|Any CPU
		{7B021DF2-01BD-4508-9ABD-FF2614D1BC0C}.Debug|Any CPU.ActiveCfg = Debug|Any CPU
		{7B021DF2-01BD-4508-9ABD-FF2614D1BC0C}.Debug|Any CPU.Build.0 = Debug|Any CPU
		{7B021DF2-01BD-4508-9ABD-FF2614D1BC0C}.Release|Any CPU.ActiveCfg = Release|Any CPU
		{7B021DF2-01BD-4508-9ABD-FF2614D1BC0C}.Release|Any CPU.Build.0 = Release|Any CPU
		{34313043-5C2C-4082-BEBE-3845CC0AC77C}.Debug|Any CPU.ActiveCfg = Debug|Any CPU
		{34313043-5C2C-4082-BEBE-3845CC0AC77C}.Debug|Any CPU.Build.0 = Debug|Any CPU
		{34313043-5C2C-4082-BEBE-3845CC0AC77C}.Release|Any CPU.ActiveCfg = Release|Any CPU
		{34313043-5C2C-4082-BEBE-3845CC0AC77C}.Release|Any CPU.Build.0 = Release|Any CPU
		{59BA3E03-1DA6-4953-A7D2-7F81DAE3C6EA}.Debug|Any CPU.ActiveCfg = Debug|Any CPU
		{59BA3E03-1DA6-4953-A7D2-7F81DAE3C6EA}.Debug|Any CPU.Build.0 = Debug|Any CPU
		{59BA3E03-1DA6-4953-A7D2-7F81DAE3C6EA}.Release|Any CPU.ActiveCfg = Release|Any CPU
		{59BA3E03-1DA6-4953-A7D2-7F81DAE3C6EA}.Release|Any CPU.Build.0 = Release|Any CPU
		{9901541F-8EFD-44D7-A63F-280557B6AD76}.Debug|Any CPU.ActiveCfg = Debug|Any CPU
		{9901541F-8EFD-44D7-A63F-280557B6AD76}.Debug|Any CPU.Build.0 = Debug|Any CPU
		{9901541F-8EFD-44D7-A63F-280557B6AD76}.Release|Any CPU.ActiveCfg = Release|Any CPU
		{9901541F-8EFD-44D7-A63F-280557B6AD76}.Release|Any CPU.Build.0 = Release|Any CPU
		{CD09D1F4-1FED-4715-963D-5B306BCBEE2F}.Debug|Any CPU.ActiveCfg = Debug|Any CPU
		{CD09D1F4-1FED-4715-963D-5B306BCBEE2F}.Debug|Any CPU.Build.0 = Debug|Any CPU
		{CD09D1F4-1FED-4715-963D-5B306BCBEE2F}.Release|Any CPU.ActiveCfg = Release|Any CPU
		{CD09D1F4-1FED-4715-963D-5B306BCBEE2F}.Release|Any CPU.Build.0 = Release|Any CPU
		{DC6117E0-4220-4635-9B6D-3E354691AEE5}.Debug|Any CPU.ActiveCfg = Debug|Any CPU
		{DC6117E0-4220-4635-9B6D-3E354691AEE5}.Debug|Any CPU.Build.0 = Debug|Any CPU
		{DC6117E0-4220-4635-9B6D-3E354691AEE5}.Release|Any CPU.ActiveCfg = Release|Any CPU
		{DC6117E0-4220-4635-9B6D-3E354691AEE5}.Release|Any CPU.Build.0 = Release|Any CPU
		{BF274E1F-D815-412C-8073-3BC4D3B47B12}.Debug|Any CPU.ActiveCfg = Debug|Any CPU
		{BF274E1F-D815-412C-8073-3BC4D3B47B12}.Debug|Any CPU.Build.0 = Debug|Any CPU
		{BF274E1F-D815-412C-8073-3BC4D3B47B12}.Release|Any CPU.ActiveCfg = Release|Any CPU
		{BF274E1F-D815-412C-8073-3BC4D3B47B12}.Release|Any CPU.Build.0 = Release|Any CPU
		{89B4FF43-05D5-4F52-995E-C4DD62B8CB26}.Debug|Any CPU.ActiveCfg = Debug|Any CPU
		{89B4FF43-05D5-4F52-995E-C4DD62B8CB26}.Debug|Any CPU.Build.0 = Debug|Any CPU
		{89B4FF43-05D5-4F52-995E-C4DD62B8CB26}.Release|Any CPU.ActiveCfg = Release|Any CPU
		{89B4FF43-05D5-4F52-995E-C4DD62B8CB26}.Release|Any CPU.Build.0 = Release|Any CPU
		{D2590FBE-8869-43D9-BA32-041C097E17B1}.Debug|Any CPU.ActiveCfg = Debug|Any CPU
		{D2590FBE-8869-43D9-BA32-041C097E17B1}.Debug|Any CPU.Build.0 = Debug|Any CPU
		{D2590FBE-8869-43D9-BA32-041C097E17B1}.Release|Any CPU.ActiveCfg = Release|Any CPU
		{D2590FBE-8869-43D9-BA32-041C097E17B1}.Release|Any CPU.Build.0 = Release|Any CPU
		{714F2B77-FE27-48FA-8BB0-02C469B4AA31}.Debug|Any CPU.ActiveCfg = Debug|Any CPU
		{714F2B77-FE27-48FA-8BB0-02C469B4AA31}.Debug|Any CPU.Build.0 = Debug|Any CPU
		{714F2B77-FE27-48FA-8BB0-02C469B4AA31}.Release|Any CPU.ActiveCfg = Release|Any CPU
		{714F2B77-FE27-48FA-8BB0-02C469B4AA31}.Release|Any CPU.Build.0 = Release|Any CPU
		{A6EE71A7-0A01-4005-BBB8-3FD2F28766DE}.Debug|Any CPU.ActiveCfg = Debug|Any CPU
		{A6EE71A7-0A01-4005-BBB8-3FD2F28766DE}.Debug|Any CPU.Build.0 = Debug|Any CPU
		{A6EE71A7-0A01-4005-BBB8-3FD2F28766DE}.Release|Any CPU.ActiveCfg = Release|Any CPU
		{A6EE71A7-0A01-4005-BBB8-3FD2F28766DE}.Release|Any CPU.Build.0 = Release|Any CPU
		{6BB75EF1-01FF-4BA1-AAD0-E476609F75A9}.Debug|Any CPU.ActiveCfg = Debug|Any CPU
		{6BB75EF1-01FF-4BA1-AAD0-E476609F75A9}.Debug|Any CPU.Build.0 = Debug|Any CPU
		{6BB75EF1-01FF-4BA1-AAD0-E476609F75A9}.Release|Any CPU.ActiveCfg = Release|Any CPU
		{6BB75EF1-01FF-4BA1-AAD0-E476609F75A9}.Release|Any CPU.Build.0 = Release|Any CPU
		{25A98813-6D97-4DA7-BFC0-099F05D80111}.Debug|Any CPU.ActiveCfg = Debug|Any CPU
		{25A98813-6D97-4DA7-BFC0-099F05D80111}.Debug|Any CPU.Build.0 = Debug|Any CPU
		{25A98813-6D97-4DA7-BFC0-099F05D80111}.Release|Any CPU.ActiveCfg = Release|Any CPU
		{25A98813-6D97-4DA7-BFC0-099F05D80111}.Release|Any CPU.Build.0 = Release|Any CPU
		{ED830D4C-011B-4930-8B29-CC93D47C54BD}.Debug|Any CPU.ActiveCfg = Debug|Any CPU
		{ED830D4C-011B-4930-8B29-CC93D47C54BD}.Debug|Any CPU.Build.0 = Debug|Any CPU
		{ED830D4C-011B-4930-8B29-CC93D47C54BD}.Release|Any CPU.ActiveCfg = Release|Any CPU
		{ED830D4C-011B-4930-8B29-CC93D47C54BD}.Release|Any CPU.Build.0 = Release|Any CPU
		{3005D587-AD68-442A-BFB8-BCFF0AF62608}.Debug|Any CPU.ActiveCfg = Debug|Any CPU
		{3005D587-AD68-442A-BFB8-BCFF0AF62608}.Debug|Any CPU.Build.0 = Debug|Any CPU
		{3005D587-AD68-442A-BFB8-BCFF0AF62608}.Release|Any CPU.ActiveCfg = Release|Any CPU
		{3005D587-AD68-442A-BFB8-BCFF0AF62608}.Release|Any CPU.Build.0 = Release|Any CPU
		{7CB2558E-BFBB-4557-B5DD-2C342132B859}.Debug|Any CPU.ActiveCfg = Debug|Any CPU
		{7CB2558E-BFBB-4557-B5DD-2C342132B859}.Debug|Any CPU.Build.0 = Debug|Any CPU
		{7CB2558E-BFBB-4557-B5DD-2C342132B859}.Release|Any CPU.ActiveCfg = Release|Any CPU
		{7CB2558E-BFBB-4557-B5DD-2C342132B859}.Release|Any CPU.Build.0 = Release|Any CPU
		{9774415E-2497-4A92-9998-9DFC9E4C1B92}.Debug|Any CPU.ActiveCfg = Debug|Any CPU
		{9774415E-2497-4A92-9998-9DFC9E4C1B92}.Debug|Any CPU.Build.0 = Debug|Any CPU
		{9774415E-2497-4A92-9998-9DFC9E4C1B92}.Release|Any CPU.ActiveCfg = Release|Any CPU
		{9774415E-2497-4A92-9998-9DFC9E4C1B92}.Release|Any CPU.Build.0 = Release|Any CPU
		{59003230-10B6-4CD5-A362-418BFDBC84A2}.Debug|Any CPU.ActiveCfg = Debug|Any CPU
		{59003230-10B6-4CD5-A362-418BFDBC84A2}.Debug|Any CPU.Build.0 = Debug|Any CPU
		{59003230-10B6-4CD5-A362-418BFDBC84A2}.Release|Any CPU.ActiveCfg = Release|Any CPU
		{59003230-10B6-4CD5-A362-418BFDBC84A2}.Release|Any CPU.Build.0 = Release|Any CPU
		{A79F3FA2-3B7B-4D2E-8C45-6BA810E906B5}.Debug|Any CPU.ActiveCfg = Debug|Any CPU
		{A79F3FA2-3B7B-4D2E-8C45-6BA810E906B5}.Debug|Any CPU.Build.0 = Debug|Any CPU
		{A79F3FA2-3B7B-4D2E-8C45-6BA810E906B5}.Release|Any CPU.ActiveCfg = Release|Any CPU
		{A79F3FA2-3B7B-4D2E-8C45-6BA810E906B5}.Release|Any CPU.Build.0 = Release|Any CPU
	EndGlobalSection
	GlobalSection(SolutionProperties) = preSolution
		HideSolutionNode = FALSE
	EndGlobalSection
	GlobalSection(NestedProjects) = preSolution
		{F01BEA5A-3656-43BB-A0DF-E9419591B0F4} = {5A5801A9-8328-4742-84AD-318771E1E8EA}
		{7B021DF2-01BD-4508-9ABD-FF2614D1BC0C} = {2989F1EB-3D18-4D03-91FB-8A9856A725D7}
		{34313043-5C2C-4082-BEBE-3845CC0AC77C} = {E68D0800-1F79-4ABE-AA77-894036BF9A3D}
		{59BA3E03-1DA6-4953-A7D2-7F81DAE3C6EA} = {E68D0800-1F79-4ABE-AA77-894036BF9A3D}
		{9901541F-8EFD-44D7-A63F-280557B6AD76} = {E68D0800-1F79-4ABE-AA77-894036BF9A3D}
		{CD09D1F4-1FED-4715-963D-5B306BCBEE2F} = {DF299D73-C642-4D4A-BE8A-62B3F9F9E794}
		{DC6117E0-4220-4635-9B6D-3E354691AEE5} = {DF299D73-C642-4D4A-BE8A-62B3F9F9E794}
		{BF274E1F-D815-412C-8073-3BC4D3B47B12} = {DF299D73-C642-4D4A-BE8A-62B3F9F9E794}
		{89B4FF43-05D5-4F52-995E-C4DD62B8CB26} = {44C05D83-E6B7-4E16-8527-AEFBC8C9B08F}
		{D2590FBE-8869-43D9-BA32-041C097E17B1} = {44C05D83-E6B7-4E16-8527-AEFBC8C9B08F}
		{714F2B77-FE27-48FA-8BB0-02C469B4AA31} = {44C05D83-E6B7-4E16-8527-AEFBC8C9B08F}
		{A6EE71A7-0A01-4005-BBB8-3FD2F28766DE} = {2752C7FD-B57F-4594-9F81-90049CD78E12}
		{6BB75EF1-01FF-4BA1-AAD0-E476609F75A9} = {2752C7FD-B57F-4594-9F81-90049CD78E12}
		{25A98813-6D97-4DA7-BFC0-099F05D80111} = {2752C7FD-B57F-4594-9F81-90049CD78E12}
		{ED830D4C-011B-4930-8B29-CC93D47C54BD} = {CA74177A-2259-44EA-A968-A9AF037758D5}
		{3005D587-AD68-442A-BFB8-BCFF0AF62608} = {CA74177A-2259-44EA-A968-A9AF037758D5}
		{7CB2558E-BFBB-4557-B5DD-2C342132B859} = {CA74177A-2259-44EA-A968-A9AF037758D5}
		{9774415E-2497-4A92-9998-9DFC9E4C1B92} = {485E2353-5A0B-4625-967D-9F82ED92703D}
		{59003230-10B6-4CD5-A362-418BFDBC84A2} = {485E2353-5A0B-4625-967D-9F82ED92703D}
		{A79F3FA2-3B7B-4D2E-8C45-6BA810E906B5} = {485E2353-5A0B-4625-967D-9F82ED92703D}
	EndGlobalSection
	GlobalSection(ExtensibilityGlobals) = postSolution
		SolutionGuid = {3C8B4D0A-B225-46D0-ABBC-F34599CB1F9F}
	EndGlobalSection
EndGlobal
